
Microsoft Visual Studio Solution File, Format Version 12.00
# Visual Studio 15
VisualStudioVersion = 15.0.28307.1231
MinimumVisualStudioVersion = 10.0.40219.1
Project("{FAE04EC0-301F-11D3-BF4B-00C04F79EFBC}") = "TSMapEditor", "TSMapEditor\TSMapEditor.csproj", "{7F1101DE-6849-404C-9141-0DF6A6BF12E7}"
EndProject
Project("{FAE04EC0-301F-11D3-BF4B-00C04F79EFBC}") = "MapEditorLauncher", "MapEditorLauncher\MapEditorLauncher.csproj", "{F786EB3A-1ADB-476E-AEC0-772F70ED0575}"
EndProject
Global
	GlobalSection(SolutionConfigurationPlatforms) = preSolution
		Debug|Any CPU = Debug|Any CPU
		Release|Any CPU = Release|Any CPU
	EndGlobalSection
	GlobalSection(ProjectConfigurationPlatforms) = postSolution
		{7F1101DE-6849-404C-9141-0DF6A6BF12E7}.Debug|Any CPU.ActiveCfg = Debug|Any CPU
		{7F1101DE-6849-404C-9141-0DF6A6BF12E7}.Debug|Any CPU.Build.0 = Debug|Any CPU
		{7F1101DE-6849-404C-9141-0DF6A6BF12E7}.Release|Any CPU.ActiveCfg = Release|Any CPU
		{7F1101DE-6849-404C-9141-0DF6A6BF12E7}.Release|Any CPU.Build.0 = Release|Any CPU
		{F786EB3A-1ADB-476E-AEC0-772F70ED0575}.Debug|Any CPU.ActiveCfg = Debug|Any CPU
		{F786EB3A-1ADB-476E-AEC0-772F70ED0575}.Debug|Any CPU.Build.0 = Debug|Any CPU
		{F786EB3A-1ADB-476E-AEC0-772F70ED0575}.Release|Any CPU.ActiveCfg = Release|Any CPU
		{F786EB3A-1ADB-476E-AEC0-772F70ED0575}.Release|Any CPU.Build.0 = Release|Any CPU
	EndGlobalSection
	GlobalSection(SolutionProperties) = preSolution
		HideSolutionNode = FALSE
	EndGlobalSection
	GlobalSection(ExtensibilityGlobals) = postSolution
		SolutionGuid = {835AA197-5CD6-4F0C-9708-98F21049A5CE}
	EndGlobalSection
EndGlobal
